// !$*UTF8*$!
{
	archiveVersion = 1;
	classes = {
	};
	objectVersion = 46;
	objects = {

/* Begin PBXBuildFile section */
		D8C68E021EAF2CCF0065530C /* AppDelegate.swift in Sources */ = {isa = PBXBuildFile; fileRef = D8C68E011EAF2CCF0065530C /* AppDelegate.swift */; };
		D8C68E041EAF2CCF0065530C /* ViewController.swift in Sources */ = {isa = PBXBuildFile; fileRef = D8C68E031EAF2CCF0065530C /* ViewController.swift */; };
		D8C68E071EAF2CCF0065530C /* Main.storyboard in Resources */ = {isa = PBXBuildFile; fileRef = D8C68E051EAF2CCF0065530C /* Main.storyboard */; };
		D8C68E091EAF2CD00065530C /* Assets.xcassets in Resources */ = {isa = PBXBuildFile; fileRef = D8C68E081EAF2CD00065530C /* Assets.xcassets */; };
		D8C68E0C1EAF2CD00065530C /* LaunchScreen.storyboard in Resources */ = {isa = PBXBuildFile; fileRef = D8C68E0A1EAF2CD00065530C /* LaunchScreen.storyboard */; };
/* End PBXBuildFile section */

/* Begin PBXFileReference section */
		D8C68DFE1EAF2CCF0065530C /* AppExtensionPlayground.app */ = {isa = PBXFileReference; explicitFileType = wrapper.application; includeInIndex = 0; path = AppExtensionPlayground.app; sourceTree = BUILT_PRODUCTS_DIR; };
		D8C68E011EAF2CCF0065530C /* AppDelegate.swift */ = {isa = PBXFileReference; lastKnownFileType = sourcecode.swift; path = AppDelegate.swift; sourceTree = "<group>"; };
		D8C68E031EAF2CCF0065530C /* ViewController.swift */ = {isa = PBXFileReference; lastKnownFileType = sourcecode.swift; path = ViewController.swift; sourceTree = "<group>"; };
		D8C68E061EAF2CCF0065530C /* Base */ = {isa = PBXFileReference; lastKnownFileType = file.storyboard; name = Base; path = Base.lproj/Main.storyboard; sourceTree = "<group>"; };
		D8C68E081EAF2CD00065530C /* Assets.xcassets */ = {isa = PBXFileReference; lastKnownFileType = folder.assetcatalog; path = Assets.xcassets; sourceTree = "<group>"; };
		D8C68E0B1EAF2CD00065530C /* Base */ = {isa = PBXFileReference; lastKnownFileType = file.storyboard; name = Base; path = Base.lproj/LaunchScreen.storyboard; sourceTree = "<group>"; };
		D8C68E0D1EAF2CD00065530C /* Info.plist */ = {isa = PBXFileReference; lastKnownFileType = text.plist.xml; path = Info.plist; sourceTree = "<group>"; };
/* End PBXFileReference section */

/* Begin PBXFrameworksBuildPhase section */
		D8C68DFB1EAF2CCF0065530C /* Frameworks */ = {
			isa = PBXFrameworksBuildPhase;
			buildActionMask = 2147483647;
			files = (
			);
			runOnlyForDeploymentPostprocessing = 0;
		};
/* End PBXFrameworksBuildPhase section */

/* Begin PBXGroup section */
		D8C68DF51EAF2CCE0065530C = {
			isa = PBXGroup;
			children = (
				D8C68E001EAF2CCF0065530C /* AppExtensionPlayground */,
				D8C68DFF1EAF2CCF0065530C /* Products */,
			);
			sourceTree = "<group>";
		};
		D8C68DFF1EAF2CCF0065530C /* Products */ = {
			isa = PBXGroup;
			children = (
				D8C68DFE1EAF2CCF0065530C /* AppExtensionPlayground.app */,
			);
			name = Products;
			sourceTree = "<group>";
		};
		D8C68E001EAF2CCF0065530C /* AppExtensionPlayground */ = {
			isa = PBXGroup;
			children = (
				D8C68E011EAF2CCF0065530C /* AppDelegate.swift */,
				D8C68E031EAF2CCF0065530C /* ViewController.swift */,
				D8C68E051EAF2CCF0065530C /* Main.storyboard */,
				D8C68E081EAF2CD00065530C /* Assets.xcassets */,
				D8C68E0A1EAF2CD00065530C /* LaunchScreen.storyboard */,
				D8C68E0D1EAF2CD00065530C /* Info.plist */,
			);
			path = AppExtensionPlayground;
			sourceTree = "<group>";
		};
/* End PBXGroup section */

/* Begin PBXNativeTarget section */
		D8C68DFD1EAF2CCF0065530C /* AppExtensionPlayground */ = {
			isa = PBXNativeTarget;
			buildConfigurationList = D8C68E101EAF2CD00065530C /* Build configuration list for PBXNativeTarget "AppExtensionPlayground" */;
			buildPhases = (
				D8C68DFA1EAF2CCF0065530C /* Sources */,
				D8C68DFB1EAF2CCF0065530C /* Frameworks */,
				D8C68DFC1EAF2CCF0065530C /* Resources */,
			);
			buildRules = (
			);
			dependencies = (
			);
			name = AppExtensionPlayground;
			productName = AppExtensionPlayground;
			productReference = D8C68DFE1EAF2CCF0065530C /* AppExtensionPlayground.app */;
			productType = "com.apple.product-type.application";
		};
/* End PBXNativeTarget section */

/* Begin PBXProject section */
		D8C68DF61EAF2CCF0065530C /* Project object */ = {
			isa = PBXProject;
			attributes = {
				LastSwiftUpdateCheck = 0830;
				LastUpgradeCheck = 0830;
				ORGANIZATIONNAME = "Remus Lazar";
				TargetAttributes = {
					D8C68DFD1EAF2CCF0065530C = {
						CreatedOnToolsVersion = 8.3.2;
						DevelopmentTeam = 5MR244XF46;
						ProvisioningStyle = Automatic;
					};
				};
			};
			buildConfigurationList = D8C68DF91EAF2CCF0065530C /* Build configuration list for PBXProject "AppExtensionPlayground" */;
			compatibilityVersion = "Xcode 3.2";
			developmentRegion = English;
			hasScannedForEncodings = 0;
			knownRegions = (
				en,
				Base,
			);
			mainGroup = D8C68DF51EAF2CCE0065530C;
			productRefGroup = D8C68DFF1EAF2CCF0065530C /* Products */;
			projectDirPath = "";
			projectRoot = "";
			targets = (
				D8C68DFD1EAF2CCF0065530C /* AppExtensionPlayground */,
			);
		};
/* End PBXProject section */

/* Begin PBXResourcesBuildPhase section */
		D8C68DFC1EAF2CCF0065530C /* Resources */ = {
			isa = PBXResourcesBuildPhase;
			buildActionMask = 2147483647;
			files = (
				D8C68E0C1EAF2CD00065530C /* LaunchScreen.storyboard in Resources */,
				D8C68E091EAF2CD00065530C /* Assets.xcassets in Resources */,
				D8C68E071EAF2CCF0065530C /* Main.storyboard in Resources */,
			);
			runOnlyForDeploymentPostprocessing = 0;
		};
/* End PBXResourcesBuildPhase section */

/* Begin PBXSourcesBuildPhase section */
		D8C68DFA1EAF2CCF0065530C /* Sources */ = {
			isa = PBXSourcesBuildPhase;
			buildActionMask = 2147483647;
			files = (
				D8C68E041EAF2CCF0065530C /* ViewController.swift in Sources */,
				D8C68E021EAF2CCF0065530C /* AppDelegate.swift in Sources */,
			);
			runOnlyForDeploymentPostprocessing = 0;
		};
/* End PBXSourcesBuildPhase section */

/* Begin PBXVariantGroup section */
		D8C68E051EAF2CCF0065530C /* Main.storyboard */ = {
			isa = PBXVariantGroup;
			children = (
				D8C68E061EAF2CCF0065530C /* Base */,
			);
			name = Main.storyboard;
			sourceTree = "<group>";
		};
		D8C68E0A1EAF2CD00065530C /* LaunchScreen.storyboard */ = {
			isa = PBXVariantGroup;
			children = (
				D8C68E0B1EAF2CD00065530C /* Base */,
			);
			name = LaunchScreen.storyboard;
			sourceTree = "<group>";
		};
/* End PBXVariantGroup section */

/* Begin XCBuildConfiguration section */
		D8C68E0E1EAF2CD00065530C /* Debug */ = {
			isa = XCBuildConfiguration;
			buildSettings = {
				ALWAYS_SEARCH_USER_PATHS = NO;
				CLANG_ANALYZER_NONNULL = YES;
				CLANG_ANALYZER_NUMBER_OBJECT_CONVERSION = YES_AGGRESSIVE;
				CLANG_CXX_LANGUAGE_STANDARD = "gnu++0x";
				CLANG_CXX_LIBRARY = "libc++";
				CLANG_ENABLE_MODULES = YES;
				CLANG_ENABLE_OBJC_ARC = YES;
				CLANG_WARN_BOOL_CONVERSION = YES;
				CLANG_WARN_CONSTANT_CONVERSION = YES;
				CLANG_WARN_DIRECT_OBJC_ISA_USAGE = YES_ERROR;
				CLANG_WARN_DOCUMENTATION_COMMENTS = YES;
				CLANG_WARN_EMPTY_BODY = YES;
				CLANG_WARN_ENUM_CONVERSION = YES;
				CLANG_WARN_INFINITE_RECURSION = YES;
				CLANG_WARN_INT_CONVERSION = YES;
				CLANG_WARN_OBJC_ROOT_CLASS = YES_ERROR;
				CLANG_WARN_SUSPICIOUS_MOVE = YES;
				CLANG_WARN_UNREACHABLE_CODE = YES;
				CLANG_WARN__DUPLICATE_METHOD_MATCH = YES;
				"CODE_SIGN_IDENTITY[sdk=iphoneos*]" = "iPhone Developer";
				COPY_PHASE_STRIP = NO;
				DEBUG_INFORMATION_FORMAT = dwarf;
				ENABLE_STRICT_OBJC_MSGSEND = YES;
				ENABLE_TESTABILITY = YES;
				GCC_C_LANGUAGE_STANDARD = gnu99;
				GCC_DYNAMIC_NO_PIC = NO;
				GCC_NO_COMMON_BLOCKS = YES;
				GCC_OPTIMIZATION_LEVEL = 0;
				GCC_PREPROCESSOR_DEFINITIONS = (
					"DEBUG=1",
					"$(inherited)",
				);
				GCC_WARN_64_TO_32_BIT_CONVERSION = YES;
				GCC_WARN_ABOUT_RETURN_TYPE = YES_ERROR;
				GCC_WARN_UNDECLARED_SELECTOR = YES;
				GCC_WARN_UNINITIALIZED_AUTOS = YES_AGGRESSIVE;
				GCC_WARN_UNUSED_FUNCTION = YES;
				GCC_WARN_UNUSED_VARIABLE = YES;
				IPHONEOS_DEPLOYMENT_TARGET = 10.3;
				MTL_ENABLE_DEBUG_INFO = YES;
				ONLY_ACTIVE_ARCH = YES;
				SDKROOT = iphoneos;
				SWIFT_ACTIVE_COMPILATION_CONDITIONS = DEBUG;
				SWIFT_OPTIMIZATION_LEVEL = "-Onone";
			};
			name = Debug;
		};
		D8C68E0F1EAF2CD00065530C /* Release */ = {
			isa = XCBuildConfiguration;
			buildSettings = {
				ALWAYS_SEARCH_USER_PATHS = NO;
				CLANG_ANALYZER_NONNULL = YES;
				CLANG_ANALYZER_NUMBER_OBJECT_CONVERSION = YES_AGGRESSIVE;
				CLANG_CXX_LANGUAGE_STANDARD = "gnu++0x";
				CLANG_CXX_LIBRARY = "libc++";
				CLANG_ENABLE_MODULES = YES;
				CLANG_ENABLE_OBJC_ARC = YES;
				CLANG_WARN_BOOL_CONVERSION = YES;
				CLANG_WARN_CONSTANT_CONVERSION = YES;
				CLANG_WARN_DIRECT_OBJC_ISA_USAGE = YES_ERROR;
				CLANG_WARN_DOCUMENTATION_COMMENTS = YES;
				CLANG_WARN_EMPTY_BODY = YES;
				CLANG_WARN_ENUM_CONVERSION = YES;
				CLANG_WARN_INFINITE_RECURSION = YES;
				CLANG_WARN_INT_CONVERSION = YES;
				CLANG_WARN_OBJC_ROOT_CLASS = YES_ERROR;
				CLANG_WARN_SUSPICIOUS_MOVE = YES;
				CLANG_WARN_UNREACHABLE_CODE = YES;
				CLANG_WARN__DUPLICATE_METHOD_MATCH = YES;
				"CODE_SIGN_IDENTITY[sdk=iphoneos*]" = "iPhone Developer";
				COPY_PHASE_STRIP = NO;
				DEBUG_INFORMATION_FORMAT = "dwarf-with-dsym";
				ENABLE_NS_ASSERTIONS = NO;
				ENABLE_STRICT_OBJC_MSGSEND = YES;
				GCC_C_LANGUAGE_STANDARD = gnu99;
				GCC_NO_COMMON_BLOCKS = YES;
				GCC_WARN_64_TO_32_BIT_CONVERSION = YES;
				GCC_WARN_ABOUT_RETURN_TYPE = YES_ERROR;
				GCC_WARN_UNDECLARED_SELECTOR = YES;
				GCC_WARN_UNINITIALIZED_AUTOS = YES_AGGRESSIVE;
				GCC_WARN_UNUSED_FUNCTION = YES;
				GCC_WARN_UNUSED_VARIABLE = YES;
				IPHONEOS_DEPLOYMENT_TARGET = 10.3;
				MTL_ENABLE_DEBUG_INFO = NO;
				SDKROOT = iphoneos;
				SWIFT_OPTIMIZATION_LEVEL = "-Owholemodule";
				VALIDATE_PRODUCT = YES;
			};
			name = Release;
		};
		D8C68E111EAF2CD00065530C /* Debug */ = {
			isa = XCBuildConfiguration;
			buildSettings = {
				ASSETCATALOG_COMPILER_APPICON_NAME = AppIcon;
				DEVELOPMENT_TEAM = 5MR244XF46;
				INFOPLIST_FILE = AppExtensionPlayground/Info.plist;
				LD_RUNPATH_SEARCH_PATHS = "$(inherited) @executable_path/Frameworks";
				PRODUCT_BUNDLE_IDENTIFIER = info.lazar.AppExtensionPlayground;
				PRODUCT_NAME = "$(TARGET_NAME)";
				SWIFT_VERSION = 3.0;
			};
			name = Debug;
		};
		D8C68E121EAF2CD00065530C /* Release */ = {
			isa = XCBuildConfiguration;
			buildSettings = {
				ASSETCATALOG_COMPILER_APPICON_NAME = AppIcon;
				DEVELOPMENT_TEAM = 5MR244XF46;
				INFOPLIST_FILE = AppExtensionPlayground/Info.plist;
				LD_RUNPATH_SEARCH_PATHS = "$(inherited) @executable_path/Frameworks";
				PRODUCT_BUNDLE_IDENTIFIER = info.lazar.AppExtensionPlayground;
				PRODUCT_NAME = "$(TARGET_NAME)";
				SWIFT_VERSION = 3.0;
			};
			name = Release;
		};
/* End XCBuildConfiguration section */

/* Begin XCConfigurationList section */
		D8C68DF91EAF2CCF0065530C /* Build configuration list for PBXProject "AppExtensionPlayground" */ = {
			isa = XCConfigurationList;
			buildConfigurations = (
				D8C68E0E1EAF2CD00065530C /* Debug */,
				D8C68E0F1EAF2CD00065530C /* Release */,
			);
			defaultConfigurationIsVisible = 0;
			defaultConfigurationName = Release;
		};
		D8C68E101EAF2CD00065530C /* Build configuration list for PBXNativeTarget "AppExtensionPlayground" */ = {
			isa = XCConfigurationList;
			buildConfigurations = (
				D8C68E111EAF2CD00065530C /* Debug */,
				D8C68E121EAF2CD00065530C /* Release */,
			);
			defaultConfigurationIsVisible = 0;
		};
/* End XCConfigurationList section */
	};
	rootObject = D8C68DF61EAF2CCF0065530C /* Project object */;
}
